// !$*UTF8*$!
{
	archiveVersion = 1;
	classes = {
	};
	objectVersion = 50;
	objects = {

/* Begin PBXBuildFile section */
		1E6127C824A29771002AD1B4 /* AppDelegate.swift in Sources */ = {isa = PBXBuildFile; fileRef = 1E6127C724A29771002AD1B4 /* AppDelegate.swift */; };
		1E6127CA24A29771002AD1B4 /* ContentView.swift in Sources */ = {isa = PBXBuildFile; fileRef = 1E6127C924A29771002AD1B4 /* ContentView.swift */; };
		1E6127CC24A29773002AD1B4 /* Assets.xcassets in Resources */ = {isa = PBXBuildFile; fileRef = 1E6127CB24A29773002AD1B4 /* Assets.xcassets */; };
		1E6127CF24A29773002AD1B4 /* Preview Assets.xcassets in Resources */ = {isa = PBXBuildFile; fileRef = 1E6127CE24A29773002AD1B4 /* Preview Assets.xcassets */; };
		1E6127D224A29773002AD1B4 /* Main.storyboard in Resources */ = {isa = PBXBuildFile; fileRef = 1E6127D024A29773002AD1B4 /* Main.storyboard */; };
		1E6127DE24A29773002AD1B4 /* ClockStatusBarTests.swift in Sources */ = {isa = PBXBuildFile; fileRef = 1E6127DD24A29773002AD1B4 /* ClockStatusBarTests.swift */; };
		1E6127E924A29773002AD1B4 /* ClockStatusBarUITests.swift in Sources */ = {isa = PBXBuildFile; fileRef = 1E6127E824A29773002AD1B4 /* ClockStatusBarUITests.swift */; };
/* End PBXBuildFile section */

/* Begin PBXContainerItemProxy section */
		1E6127DA24A29773002AD1B4 /* PBXContainerItemProxy */ = {
			isa = PBXContainerItemProxy;
			containerPortal = 1E6127BC24A29771002AD1B4 /* Project object */;
			proxyType = 1;
			remoteGlobalIDString = 1E6127C324A29771002AD1B4;
			remoteInfo = ClockStatusBar;
		};
		1E6127E524A29773002AD1B4 /* PBXContainerItemProxy */ = {
			isa = PBXContainerItemProxy;
			containerPortal = 1E6127BC24A29771002AD1B4 /* Project object */;
			proxyType = 1;
			remoteGlobalIDString = 1E6127C324A29771002AD1B4;
			remoteInfo = ClockStatusBar;
		};
/* End PBXContainerItemProxy section */

/* Begin PBXFileReference section */
		1E6127C424A29771002AD1B4 /* ClockStatusBar.app */ = {isa = PBXFileReference; explicitFileType = wrapper.application; includeInIndex = 0; path = ClockStatusBar.app; sourceTree = BUILT_PRODUCTS_DIR; };
		1E6127C724A29771002AD1B4 /* AppDelegate.swift */ = {isa = PBXFileReference; lastKnownFileType = sourcecode.swift; path = AppDelegate.swift; sourceTree = "<group>"; };
		1E6127C924A29771002AD1B4 /* ContentView.swift */ = {isa = PBXFileReference; lastKnownFileType = sourcecode.swift; path = ContentView.swift; sourceTree = "<group>"; };
		1E6127CB24A29773002AD1B4 /* Assets.xcassets */ = {isa = PBXFileReference; lastKnownFileType = folder.assetcatalog; path = Assets.xcassets; sourceTree = "<group>"; };
		1E6127CE24A29773002AD1B4 /* Preview Assets.xcassets */ = {isa = PBXFileReference; lastKnownFileType = folder.assetcatalog; path = "Preview Assets.xcassets"; sourceTree = "<group>"; };
		1E6127D124A29773002AD1B4 /* Base */ = {isa = PBXFileReference; lastKnownFileType = file.storyboard; name = Base; path = Base.lproj/Main.storyboard; sourceTree = "<group>"; };
		1E6127D324A29773002AD1B4 /* Info.plist */ = {isa = PBXFileReference; lastKnownFileType = text.plist.xml; path = Info.plist; sourceTree = "<group>"; };
		1E6127D424A29773002AD1B4 /* ClockStatusBar.entitlements */ = {isa = PBXFileReference; lastKnownFileType = text.plist.entitlements; path = ClockStatusBar.entitlements; sourceTree = "<group>"; };
		1E6127D924A29773002AD1B4 /* ClockStatusBarTests.xctest */ = {isa = PBXFileReference; explicitFileType = wrapper.cfbundle; includeInIndex = 0; path = ClockStatusBarTests.xctest; sourceTree = BUILT_PRODUCTS_DIR; };
		1E6127DD24A29773002AD1B4 /* ClockStatusBarTests.swift */ = {isa = PBXFileReference; lastKnownFileType = sourcecode.swift; path = ClockStatusBarTests.swift; sourceTree = "<group>"; };
		1E6127DF24A29773002AD1B4 /* Info.plist */ = {isa = PBXFileReference; lastKnownFileType = text.plist.xml; path = Info.plist; sourceTree = "<group>"; };
		1E6127E424A29773002AD1B4 /* ClockStatusBarUITests.xctest */ = {isa = PBXFileReference; explicitFileType = wrapper.cfbundle; includeInIndex = 0; path = ClockStatusBarUITests.xctest; sourceTree = BUILT_PRODUCTS_DIR; };
		1E6127E824A29773002AD1B4 /* ClockStatusBarUITests.swift */ = {isa = PBXFileReference; lastKnownFileType = sourcecode.swift; path = ClockStatusBarUITests.swift; sourceTree = "<group>"; };
		1E6127EA24A29773002AD1B4 /* Info.plist */ = {isa = PBXFileReference; lastKnownFileType = text.plist.xml; path = Info.plist; sourceTree = "<group>"; };
/* End PBXFileReference section */

/* Begin PBXFrameworksBuildPhase section */
		1E6127C124A29771002AD1B4 /* Frameworks */ = {
			isa = PBXFrameworksBuildPhase;
			buildActionMask = 2147483647;
			files = (
			);
			runOnlyForDeploymentPostprocessing = 0;
		};
		1E6127D624A29773002AD1B4 /* Frameworks */ = {
			isa = PBXFrameworksBuildPhase;
			buildActionMask = 2147483647;
			files = (
			);
			runOnlyForDeploymentPostprocessing = 0;
		};
		1E6127E124A29773002AD1B4 /* Frameworks */ = {
			isa = PBXFrameworksBuildPhase;
			buildActionMask = 2147483647;
			files = (
			);
			runOnlyForDeploymentPostprocessing = 0;
		};
/* End PBXFrameworksBuildPhase section */

/* Begin PBXGroup section */
		1E6127BB24A29771002AD1B4 = {
			isa = PBXGroup;
			children = (
				1E6127C624A29771002AD1B4 /* ClockStatusBar */,
				1E6127DC24A29773002AD1B4 /* ClockStatusBarTests */,
				1E6127E724A29773002AD1B4 /* ClockStatusBarUITests */,
				1E6127C524A29771002AD1B4 /* Products */,
			);
			sourceTree = "<group>";
		};
		1E6127C524A29771002AD1B4 /* Products */ = {
			isa = PBXGroup;
			children = (
				1E6127C424A29771002AD1B4 /* ClockStatusBar.app */,
				1E6127D924A29773002AD1B4 /* ClockStatusBarTests.xctest */,
				1E6127E424A29773002AD1B4 /* ClockStatusBarUITests.xctest */,
			);
			name = Products;
			sourceTree = "<group>";
		};
		1E6127C624A29771002AD1B4 /* ClockStatusBar */ = {
			isa = PBXGroup;
			children = (
				1E6127C724A29771002AD1B4 /* AppDelegate.swift */,
				1E6127C924A29771002AD1B4 /* ContentView.swift */,
				1E6127CB24A29773002AD1B4 /* Assets.xcassets */,
				1E6127D024A29773002AD1B4 /* Main.storyboard */,
				1E6127D324A29773002AD1B4 /* Info.plist */,
				1E6127D424A29773002AD1B4 /* ClockStatusBar.entitlements */,
				1E6127CD24A29773002AD1B4 /* Preview Content */,
			);
			path = ClockStatusBar;
			sourceTree = "<group>";
		};
		1E6127CD24A29773002AD1B4 /* Preview Content */ = {
			isa = PBXGroup;
			children = (
				1E6127CE24A29773002AD1B4 /* Preview Assets.xcassets */,
			);
			path = "Preview Content";
			sourceTree = "<group>";
		};
		1E6127DC24A29773002AD1B4 /* ClockStatusBarTests */ = {
			isa = PBXGroup;
			children = (
				1E6127DD24A29773002AD1B4 /* ClockStatusBarTests.swift */,
				1E6127DF24A29773002AD1B4 /* Info.plist */,
			);
			path = ClockStatusBarTests;
			sourceTree = "<group>";
		};
		1E6127E724A29773002AD1B4 /* ClockStatusBarUITests */ = {
			isa = PBXGroup;
			children = (
				1E6127E824A29773002AD1B4 /* ClockStatusBarUITests.swift */,
				1E6127EA24A29773002AD1B4 /* Info.plist */,
			);
			path = ClockStatusBarUITests;
			sourceTree = "<group>";
		};
/* End PBXGroup section */

/* Begin PBXNativeTarget section */
		1E6127C324A29771002AD1B4 /* ClockStatusBar */ = {
			isa = PBXNativeTarget;
			buildConfigurationList = 1E6127ED24A29773002AD1B4 /* Build configuration list for PBXNativeTarget "ClockStatusBar" */;
			buildPhases = (
				1E6127C024A29771002AD1B4 /* Sources */,
				1E6127C124A29771002AD1B4 /* Frameworks */,
				1E6127C224A29771002AD1B4 /* Resources */,
			);
			buildRules = (
			);
			dependencies = (
			);
			name = ClockStatusBar;
			productName = ClockStatusBar;
			productReference = 1E6127C424A29771002AD1B4 /* ClockStatusBar.app */;
			productType = "com.apple.product-type.application";
		};
		1E6127D824A29773002AD1B4 /* ClockStatusBarTests */ = {
			isa = PBXNativeTarget;
			buildConfigurationList = 1E6127F024A29773002AD1B4 /* Build configuration list for PBXNativeTarget "ClockStatusBarTests" */;
			buildPhases = (
				1E6127D524A29773002AD1B4 /* Sources */,
				1E6127D624A29773002AD1B4 /* Frameworks */,
				1E6127D724A29773002AD1B4 /* Resources */,
			);
			buildRules = (
			);
			dependencies = (
				1E6127DB24A29773002AD1B4 /* PBXTargetDependency */,
			);
			name = ClockStatusBarTests;
			productName = ClockStatusBarTests;
			productReference = 1E6127D924A29773002AD1B4 /* ClockStatusBarTests.xctest */;
			productType = "com.apple.product-type.bundle.unit-test";
		};
		1E6127E324A29773002AD1B4 /* ClockStatusBarUITests */ = {
			isa = PBXNativeTarget;
			buildConfigurationList = 1E6127F324A29773002AD1B4 /* Build configuration list for PBXNativeTarget "ClockStatusBarUITests" */;
			buildPhases = (
				1E6127E024A29773002AD1B4 /* Sources */,
				1E6127E124A29773002AD1B4 /* Frameworks */,
				1E6127E224A29773002AD1B4 /* Resources */,
			);
			buildRules = (
			);
			dependencies = (
				1E6127E624A29773002AD1B4 /* PBXTargetDependency */,
			);
			name = ClockStatusBarUITests;
			productName = ClockStatusBarUITests;
			productReference = 1E6127E424A29773002AD1B4 /* ClockStatusBarUITests.xctest */;
			productType = "com.apple.product-type.bundle.ui-testing";
		};
/* End PBXNativeTarget section */

/* Begin PBXProject section */
		1E6127BC24A29771002AD1B4 /* Project object */ = {
			isa = PBXProject;
			attributes = {
				LastSwiftUpdateCheck = 1150;
				LastUpgradeCheck = 1150;
				ORGANIZATIONNAME = "Marcus Chiu";
				TargetAttributes = {
					1E6127C324A29771002AD1B4 = {
						CreatedOnToolsVersion = 11.5;
					};
					1E6127D824A29773002AD1B4 = {
						CreatedOnToolsVersion = 11.5;
						TestTargetID = 1E6127C324A29771002AD1B4;
					};
					1E6127E324A29773002AD1B4 = {
						CreatedOnToolsVersion = 11.5;
						TestTargetID = 1E6127C324A29771002AD1B4;
					};
				};
			};
			buildConfigurationList = 1E6127BF24A29771002AD1B4 /* Build configuration list for PBXProject "ClockStatusBar" */;
			compatibilityVersion = "Xcode 9.3";
			developmentRegion = en;
			hasScannedForEncodings = 0;
			knownRegions = (
				en,
				Base,
			);
			mainGroup = 1E6127BB24A29771002AD1B4;
			productRefGroup = 1E6127C524A29771002AD1B4 /* Products */;
			projectDirPath = "";
			projectRoot = "";
			targets = (
				1E6127C324A29771002AD1B4 /* ClockStatusBar */,
				1E6127D824A29773002AD1B4 /* ClockStatusBarTests */,
				1E6127E324A29773002AD1B4 /* ClockStatusBarUITests */,
			);
		};
/* End PBXProject section */

/* Begin PBXResourcesBuildPhase section */
		1E6127C224A29771002AD1B4 /* Resources */ = {
			isa = PBXResourcesBuildPhase;
			buildActionMask = 2147483647;
			files = (
				1E6127D224A29773002AD1B4 /* Main.storyboard in Resources */,
				1E6127CF24A29773002AD1B4 /* Preview Assets.xcassets in Resources */,
				1E6127CC24A29773002AD1B4 /* Assets.xcassets in Resources */,
			);
			runOnlyForDeploymentPostprocessing = 0;
		};
		1E6127D724A29773002AD1B4 /* Resources */ = {
			isa = PBXResourcesBuildPhase;
			buildActionMask = 2147483647;
			files = (
			);
			runOnlyForDeploymentPostprocessing = 0;
		};
		1E6127E224A29773002AD1B4 /* Resources */ = {
			isa = PBXResourcesBuildPhase;
			buildActionMask = 2147483647;
			files = (
			);
			runOnlyForDeploymentPostprocessing = 0;
		};
/* End PBXResourcesBuildPhase section */

/* Begin PBXSourcesBuildPhase section */
		1E6127C024A29771002AD1B4 /* Sources */ = {
			isa = PBXSourcesBuildPhase;
			buildActionMask = 2147483647;
			files = (
				1E6127CA24A29771002AD1B4 /* ContentView.swift in Sources */,
				1E6127C824A29771002AD1B4 /* AppDelegate.swift in Sources */,
			);
			runOnlyForDeploymentPostprocessing = 0;
		};
		1E6127D524A29773002AD1B4 /* Sources */ = {
			isa = PBXSourcesBuildPhase;
			buildActionMask = 2147483647;
			files = (
				1E6127DE24A29773002AD1B4 /* ClockStatusBarTests.swift in Sources */,
			);
			runOnlyForDeploymentPostprocessing = 0;
		};
		1E6127E024A29773002AD1B4 /* Sources */ = {
			isa = PBXSourcesBuildPhase;
			buildActionMask = 2147483647;
			files = (
				1E6127E924A29773002AD1B4 /* ClockStatusBarUITests.swift in Sources */,
			);
			runOnlyForDeploymentPostprocessing = 0;
		};
/* End PBXSourcesBuildPhase section */

/* Begin PBXTargetDependency section */
		1E6127DB24A29773002AD1B4 /* PBXTargetDependency */ = {
			isa = PBXTargetDependency;
			target = 1E6127C324A29771002AD1B4 /* ClockStatusBar */;
			targetProxy = 1E6127DA24A29773002AD1B4 /* PBXContainerItemProxy */;
		};
		1E6127E624A29773002AD1B4 /* PBXTargetDependency */ = {
			isa = PBXTargetDependency;
			target = 1E6127C324A29771002AD1B4 /* ClockStatusBar */;
			targetProxy = 1E6127E524A29773002AD1B4 /* PBXContainerItemProxy */;
		};
/* End PBXTargetDependency section */

/* Begin PBXVariantGroup section */
		1E6127D024A29773002AD1B4 /* Main.storyboard */ = {
			isa = PBXVariantGroup;
			children = (
				1E6127D124A29773002AD1B4 /* Base */,
			);
			name = Main.storyboard;
			sourceTree = "<group>";
		};
/* End PBXVariantGroup section */

/* Begin XCBuildConfiguration section */
		1E6127EB24A29773002AD1B4 /* Debug */ = {
			isa = XCBuildConfiguration;
			buildSettings = {
				ALWAYS_SEARCH_USER_PATHS = NO;
				CLANG_ANALYZER_NONNULL = YES;
				CLANG_ANALYZER_NUMBER_OBJECT_CONVERSION = YES_AGGRESSIVE;
				CLANG_CXX_LANGUAGE_STANDARD = "gnu++14";
				CLANG_CXX_LIBRARY = "libc++";
				CLANG_ENABLE_MODULES = YES;
				CLANG_ENABLE_OBJC_ARC = YES;
				CLANG_ENABLE_OBJC_WEAK = YES;
				CLANG_WARN_BLOCK_CAPTURE_AUTORELEASING = YES;
				CLANG_WARN_BOOL_CONVERSION = YES;
				CLANG_WARN_COMMA = YES;
				CLANG_WARN_CONSTANT_CONVERSION = YES;
				CLANG_WARN_DEPRECATED_OBJC_IMPLEMENTATIONS = YES;
				CLANG_WARN_DIRECT_OBJC_ISA_USAGE = YES_ERROR;
				CLANG_WARN_DOCUMENTATION_COMMENTS = YES;
				CLANG_WARN_EMPTY_BODY = YES;
				CLANG_WARN_ENUM_CONVERSION = YES;
				CLANG_WARN_INFINITE_RECURSION = YES;
				CLANG_WARN_INT_CONVERSION = YES;
				CLANG_WARN_NON_LITERAL_NULL_CONVERSION = YES;
				CLANG_WARN_OBJC_IMPLICIT_RETAIN_SELF = YES;
				CLANG_WARN_OBJC_LITERAL_CONVERSION = YES;
				CLANG_WARN_OBJC_ROOT_CLASS = YES_ERROR;
				CLANG_WARN_RANGE_LOOP_ANALYSIS = YES;
				CLANG_WARN_STRICT_PROTOTYPES = YES;
				CLANG_WARN_SUSPICIOUS_MOVE = YES;
				CLANG_WARN_UNGUARDED_AVAILABILITY = YES_AGGRESSIVE;
				CLANG_WARN_UNREACHABLE_CODE = YES;
				CLANG_WARN__DUPLICATE_METHOD_MATCH = YES;
				COPY_PHASE_STRIP = NO;
				DEBUG_INFORMATION_FORMAT = dwarf;
				ENABLE_STRICT_OBJC_MSGSEND = YES;
				ENABLE_TESTABILITY = YES;
				GCC_C_LANGUAGE_STANDARD = gnu11;
				GCC_DYNAMIC_NO_PIC = NO;
				GCC_NO_COMMON_BLOCKS = YES;
				GCC_OPTIMIZATION_LEVEL = 0;
				GCC_PREPROCESSOR_DEFINITIONS = (
					"DEBUG=1",
					"$(inherited)",
				);
				GCC_WARN_64_TO_32_BIT_CONVERSION = YES;
				GCC_WARN_ABOUT_RETURN_TYPE = YES_ERROR;
				GCC_WARN_UNDECLARED_SELECTOR = YES;
				GCC_WARN_UNINITIALIZED_AUTOS = YES_AGGRESSIVE;
				GCC_WARN_UNUSED_FUNCTION = YES;
				GCC_WARN_UNUSED_VARIABLE = YES;
				MACOSX_DEPLOYMENT_TARGET = 10.15;
				MTL_ENABLE_DEBUG_INFO = INCLUDE_SOURCE;
				MTL_FAST_MATH = YES;
				ONLY_ACTIVE_ARCH = YES;
				SDKROOT = macosx;
				SWIFT_ACTIVE_COMPILATION_CONDITIONS = DEBUG;
				SWIFT_OPTIMIZATION_LEVEL = "-Onone";
			};
			name = Debug;
		};
		1E6127EC24A29773002AD1B4 /* Release */ = {
			isa = XCBuildConfiguration;
			buildSettings = {
				ALWAYS_SEARCH_USER_PATHS = NO;
				CLANG_ANALYZER_NONNULL = YES;
				CLANG_ANALYZER_NUMBER_OBJECT_CONVERSION = YES_AGGRESSIVE;
				CLANG_CXX_LANGUAGE_STANDARD = "gnu++14";
				CLANG_CXX_LIBRARY = "libc++";
				CLANG_ENABLE_MODULES = YES;
				CLANG_ENABLE_OBJC_ARC = YES;
				CLANG_ENABLE_OBJC_WEAK = YES;
				CLANG_WARN_BLOCK_CAPTURE_AUTORELEASING = YES;
				CLANG_WARN_BOOL_CONVERSION = YES;
				CLANG_WARN_COMMA = YES;
				CLANG_WARN_CONSTANT_CONVERSION = YES;
				CLANG_WARN_DEPRECATED_OBJC_IMPLEMENTATIONS = YES;
				CLANG_WARN_DIRECT_OBJC_ISA_USAGE = YES_ERROR;
				CLANG_WARN_DOCUMENTATION_COMMENTS = YES;
				CLANG_WARN_EMPTY_BODY = YES;
				CLANG_WARN_ENUM_CONVERSION = YES;
				CLANG_WARN_INFINITE_RECURSION = YES;
				CLANG_WARN_INT_CONVERSION = YES;
				CLANG_WARN_NON_LITERAL_NULL_CONVERSION = YES;
				CLANG_WARN_OBJC_IMPLICIT_RETAIN_SELF = YES;
				CLANG_WARN_OBJC_LITERAL_CONVERSION = YES;
				CLANG_WARN_OBJC_ROOT_CLASS = YES_ERROR;
				CLANG_WARN_RANGE_LOOP_ANALYSIS = YES;
				CLANG_WARN_STRICT_PROTOTYPES = YES;
				CLANG_WARN_SUSPICIOUS_MOVE = YES;
				CLANG_WARN_UNGUARDED_AVAILABILITY = YES_AGGRESSIVE;
				CLANG_WARN_UNREACHABLE_CODE = YES;
				CLANG_WARN__DUPLICATE_METHOD_MATCH = YES;
				COPY_PHASE_STRIP = NO;
				DEBUG_INFORMATION_FORMAT = "dwarf-with-dsym";
				ENABLE_NS_ASSERTIONS = NO;
				ENABLE_STRICT_OBJC_MSGSEND = YES;
				GCC_C_LANGUAGE_STANDARD = gnu11;
				GCC_NO_COMMON_BLOCKS = YES;
				GCC_WARN_64_TO_32_BIT_CONVERSION = YES;
				GCC_WARN_ABOUT_RETURN_TYPE = YES_ERROR;
				GCC_WARN_UNDECLARED_SELECTOR = YES;
				GCC_WARN_UNINITIALIZED_AUTOS = YES_AGGRESSIVE;
				GCC_WARN_UNUSED_FUNCTION = YES;
				GCC_WARN_UNUSED_VARIABLE = YES;
				MACOSX_DEPLOYMENT_TARGET = 10.15;
				MTL_ENABLE_DEBUG_INFO = NO;
				MTL_FAST_MATH = YES;
				SDKROOT = macosx;
				SWIFT_COMPILATION_MODE = wholemodule;
				SWIFT_OPTIMIZATION_LEVEL = "-O";
			};
			name = Release;
		};
		1E6127EE24A29773002AD1B4 /* Debug */ = {
			isa = XCBuildConfiguration;
			buildSettings = {
				ASSETCATALOG_COMPILER_APPICON_NAME = AppIcon;
				CODE_SIGN_ENTITLEMENTS = ClockStatusBar/ClockStatusBar.entitlements;
				CODE_SIGN_STYLE = Automatic;
				COMBINE_HIDPI_IMAGES = YES;
				DEVELOPMENT_ASSET_PATHS = "\"ClockStatusBar/Preview Content\"";
				DEVELOPMENT_TEAM = XRYD78U49X;
				ENABLE_HARDENED_RUNTIME = YES;
				ENABLE_PREVIEWS = YES;
				INFOPLIST_FILE = ClockStatusBar/Info.plist;
				LD_RUNPATH_SEARCH_PATHS = (
					"$(inherited)",
					"@executable_path/../Frameworks",
				);
				MACOSX_DEPLOYMENT_TARGET = 10.15;
				PRODUCT_BUNDLE_IDENTIFIER = com.marcuschiu.ClockStatusBar;
				PRODUCT_NAME = "$(TARGET_NAME)";
				SWIFT_VERSION = 5.0;
			};
			name = Debug;
		};
		1E6127EF24A29773002AD1B4 /* Release */ = {
			isa = XCBuildConfiguration;
			buildSettings = {
				ASSETCATALOG_COMPILER_APPICON_NAME = AppIcon;
				CODE_SIGN_ENTITLEMENTS = ClockStatusBar/ClockStatusBar.entitlements;
				CODE_SIGN_STYLE = Automatic;
				COMBINE_HIDPI_IMAGES = YES;
				DEVELOPMENT_ASSET_PATHS = "\"ClockStatusBar/Preview Content\"";
				DEVELOPMENT_TEAM = XRYD78U49X;
				ENABLE_HARDENED_RUNTIME = YES;
				ENABLE_PREVIEWS = YES;
				INFOPLIST_FILE = ClockStatusBar/Info.plist;
				LD_RUNPATH_SEARCH_PATHS = (
					"$(inherited)",
					"@executable_path/../Frameworks",
				);
				MACOSX_DEPLOYMENT_TARGET = 10.15;
				PRODUCT_BUNDLE_IDENTIFIER = com.marcuschiu.ClockStatusBar;
				PRODUCT_NAME = "$(TARGET_NAME)";
				SWIFT_VERSION = 5.0;
			};
			name = Release;
		};
		1E6127F124A29773002AD1B4 /* Debug */ = {
			isa = XCBuildConfiguration;
			buildSettings = {
				ALWAYS_EMBED_SWIFT_STANDARD_LIBRARIES = YES;
				BUNDLE_LOADER = "$(TEST_HOST)";
				CODE_SIGN_STYLE = Automatic;
				COMBINE_HIDPI_IMAGES = YES;
				DEVELOPMENT_TEAM = XRYD78U49X;
				INFOPLIST_FILE = ClockStatusBarTests/Info.plist;
				LD_RUNPATH_SEARCH_PATHS = (
					"$(inherited)",
					"@executable_path/../Frameworks",
					"@loader_path/../Frameworks",
				);
				MACOSX_DEPLOYMENT_TARGET = 10.15;
				PRODUCT_BUNDLE_IDENTIFIER = com.marcuschiu.ClockStatusBarTests;
				PRODUCT_NAME = "$(TARGET_NAME)";
				SWIFT_VERSION = 5.0;
				TEST_HOST = "$(BUILT_PRODUCTS_DIR)/ClockStatusBar.app/Contents/MacOS/ClockStatusBar";
			};
			name = Debug;
		};
		1E6127F224A29773002AD1B4 /* Release */ = {
			isa = XCBuildConfiguration;
			buildSettings = {
				ALWAYS_EMBED_SWIFT_STANDARD_LIBRARIES = YES;
				BUNDLE_LOADER = "$(TEST_HOST)";
				CODE_SIGN_STYLE = Automatic;
				COMBINE_HIDPI_IMAGES = YES;
				DEVELOPMENT_TEAM = XRYD78U49X;
				INFOPLIST_FILE = ClockStatusBarTests/Info.plist;
				LD_RUNPATH_SEARCH_PATHS = (
					"$(inherited)",
					"@executable_path/../Frameworks",
					"@loader_path/../Frameworks",
				);
				MACOSX_DEPLOYMENT_TARGET = 10.15;
				PRODUCT_BUNDLE_IDENTIFIER = com.marcuschiu.ClockStatusBarTests;
				PRODUCT_NAME = "$(TARGET_NAME)";
				SWIFT_VERSION = 5.0;
				TEST_HOST = "$(BUILT_PRODUCTS_DIR)/ClockStatusBar.app/Contents/MacOS/ClockStatusBar";
			};
			name = Release;
		};
		1E6127F424A29773002AD1B4 /* Debug */ = {
			isa = XCBuildConfiguration;
			buildSettings = {
				ALWAYS_EMBED_SWIFT_STANDARD_LIBRARIES = YES;
				CODE_SIGN_STYLE = Automatic;
				COMBINE_HIDPI_IMAGES = YES;
				DEVELOPMENT_TEAM = XRYD78U49X;
				INFOPLIST_FILE = ClockStatusBarUITests/Info.plist;
				LD_RUNPATH_SEARCH_PATHS = (
					"$(inherited)",
					"@executable_path/../Frameworks",
					"@loader_path/../Frameworks",
				);
				PRODUCT_BUNDLE_IDENTIFIER = com.marcuschiu.ClockStatusBarUITests;
				PRODUCT_NAME = "$(TARGET_NAME)";
				SWIFT_VERSION = 5.0;
				TEST_TARGET_NAME = ClockStatusBar;
			};
			name = Debug;
		};
		1E6127F524A29773002AD1B4 /* Release */ = {
			isa = XCBuildConfiguration;
			buildSettings = {
				ALWAYS_EMBED_SWIFT_STANDARD_LIBRARIES = YES;
				CODE_SIGN_STYLE = Automatic;
				COMBINE_HIDPI_IMAGES = YES;
				DEVELOPMENT_TEAM = XRYD78U49X;
				INFOPLIST_FILE = ClockStatusBarUITests/Info.plist;
				LD_RUNPATH_SEARCH_PATHS = (
					"$(inherited)",
					"@executable_path/../Frameworks",
					"@loader_path/../Frameworks",
				);
				PRODUCT_BUNDLE_IDENTIFIER = com.marcuschiu.ClockStatusBarUITests;
				PRODUCT_NAME = "$(TARGET_NAME)";
				SWIFT_VERSION = 5.0;
				TEST_TARGET_NAME = ClockStatusBar;
			};
			name = Release;
		};
/* End XCBuildConfiguration section */

/* Begin XCConfigurationList section */
		1E6127BF24A29771002AD1B4 /* Build configuration list for PBXProject "ClockStatusBar" */ = {
			isa = XCConfigurationList;
			buildConfigurations = (
				1E6127EB24A29773002AD1B4 /* Debug */,
				1E6127EC24A29773002AD1B4 /* Release */,
			);
			defaultConfigurationIsVisible = 0;
			defaultConfigurationName = Release;
		};
		1E6127ED24A29773002AD1B4 /* Build configuration list for PBXNativeTarget "ClockStatusBar" */ = {
			isa = XCConfigurationList;
			buildConfigurations = (
				1E6127EE24A29773002AD1B4 /* Debug */,
				1E6127EF24A29773002AD1B4 /* Release */,
			);
			defaultConfigurationIsVisible = 0;
			defaultConfigurationName = Release;
		};
		1E6127F024A29773002AD1B4 /* Build configuration list for PBXNativeTarget "ClockStatusBarTests" */ = {
			isa = XCConfigurationList;
			buildConfigurations = (
				1E6127F124A29773002AD1B4 /* Debug */,
				1E6127F224A29773002AD1B4 /* Release */,
			);
			defaultConfigurationIsVisible = 0;
			defaultConfigurationName = Release;
		};
		1E6127F324A29773002AD1B4 /* Build configuration list for PBXNativeTarget "ClockStatusBarUITests" */ = {
			isa = XCConfigurationList;
			buildConfigurations = (
				1E6127F424A29773002AD1B4 /* Debug */,
				1E6127F524A29773002AD1B4 /* Release */,
			);
			defaultConfigurationIsVisible = 0;
			defaultConfigurationName = Release;
		};
/* End XCConfigurationList section */
	};
	rootObject = 1E6127BC24A29771002AD1B4 /* Project object */;
}
